
Microsoft Visual Studio Solution File, Format Version 12.00
# Visual Studio Version 16
VisualStudioVersion = 16.0.35706.149
MinimumVisualStudioVersion = 10.0.40219.1
Project("{FAE04EC0-301F-11D3-BF4B-00C04F79EFBC}") = "Authentication", "Authentication.csproj", "{0BF3FEBC-9088-4C9F-8CF5-625A07126CE2}"
EndProject
Global
	GlobalSection(SolutionConfigurationPlatforms) = preSolution
		Debug|Any CPU = Debug|Any CPU
		Release|Any CPU = Release|Any CPU
	EndGlobalSection
	GlobalSection(ProjectConfigurationPlatforms) = postSolution
		{0BF3FEBC-9088-4C9F-8CF5-625A07126CE2}.Debug|Any CPU.ActiveCfg = Debug|Any CPU
		{0BF3FEBC-9088-4C9F-8CF5-625A07126CE2}.Debug|Any CPU.Build.0 = Debug|Any CPU
		{0BF3FEBC-9088-4C9F-8CF5-625A07126CE2}.Release|Any CPU.ActiveCfg = Release|Any CPU
		{0BF3FEBC-9088-4C9F-8CF5-625A07126CE2}.Release|Any CPU.Build.0 = Release|Any CPU
	EndGlobalSection
	GlobalSection(SolutionProperties) = preSolution
		HideSolutionNode = FALSE
	EndGlobalSection
	GlobalSection(ExtensibilityGlobals) = postSolution
		SolutionGuid = {5D85F6FC-EA72-4210-B6B9-A91253F7CEF1}
	EndGlobalSection
EndGlobal
